
Microsoft Visual Studio Solution File, Format Version 12.00
# Visual Studio 15
VisualStudioVersion = 15.0.27703.2018
MinimumVisualStudioVersion = 10.0.40219.1
Project("{8BC9CEB8-8B4A-11D0-8D11-00A0C91BC942}") = "opengl-project", "opengl-project\opengl-project.vcxproj", "{987E039D-D927-4E7E-8359-0CECFC500F4E}"
EndProject
Project("{8BC9CEB8-8B4A-11D0-8D11-00A0C91BC942}") = "test", "test\test.vcxproj", "{221AF6E8-1CCC-4FE4-9843-AEA20C0DBDBD}"
EndProject
Global
	GlobalSection(SolutionConfigurationPlatforms) = preSolution
		Debug|x64 = Debug|x64
		Debug|x86 = Debug|x86
		Release|x64 = Release|x64
		Release|x86 = Release|x86
	EndGlobalSection
	GlobalSection(ProjectConfigurationPlatforms) = postSolution
		{987E039D-D927-4E7E-8359-0CECFC500F4E}.Debug|x64.ActiveCfg = Debug|x64
		{987E039D-D927-4E7E-8359-0CECFC500F4E}.Debug|x64.Build.0 = Debug|x64
		{987E039D-D927-4E7E-8359-0CECFC500F4E}.Debug|x86.ActiveCfg = Debug|Win32
		{987E039D-D927-4E7E-8359-0CECFC500F4E}.Debug|x86.Build.0 = Debug|Win32
		{987E039D-D927-4E7E-8359-0CECFC500F4E}.Release|x64.ActiveCfg = Release|x64
		{987E039D-D927-4E7E-8359-0CECFC500F4E}.Release|x64.Build.0 = Release|x64
		{987E039D-D927-4E7E-8359-0CECFC500F4E}.Release|x86.ActiveCfg = Release|Win32
		{987E039D-D927-4E7E-8359-0CECFC500F4E}.Release|x86.Build.0 = Release|Win32
		{221AF6E8-1CCC-4FE4-9843-AEA20C0DBDBD}.Debug|x64.ActiveCfg = Debug|x64
		{221AF6E8-1CCC-4FE4-9843-AEA20C0DBDBD}.Debug|x64.Build.0 = Debug|x64
		{221AF6E8-1CCC-4FE4-9843-AEA20C0DBDBD}.Debug|x86.ActiveCfg = Debug|Win32
		{221AF6E8-1CCC-4FE4-9843-AEA20C0DBDBD}.Debug|x86.Build.0 = Debug|Win32
		{221AF6E8-1CCC-4FE4-9843-AEA20C0DBDBD}.Release|x64.ActiveCfg = Release|x64
		{221AF6E8-1CCC-4FE4-9843-AEA20C0DBDBD}.Release|x64.Build.0 = Release|x64
		{221AF6E8-1CCC-4FE4-9843-AEA20C0DBDBD}.Release|x86.ActiveCfg = Release|Win32
		{221AF6E8-1CCC-4FE4-9843-AEA20C0DBDBD}.Release|x86.Build.0 = Release|Win32
	EndGlobalSection
	GlobalSection(SolutionProperties) = preSolution
		HideSolutionNode = FALSE
	EndGlobalSection
	GlobalSection(ExtensibilityGlobals) = postSolution
		SolutionGuid = {A53F2D38-D8C8-4C12-8A8D-51940494DD8D}
	EndGlobalSection
EndGlobal
